
Microsoft Visual Studio Solution File, Format Version 12.00
# Visual Studio Version 17
VisualStudioVersion = 17.7.34202.233
MinimumVisualStudioVersion = 10.0.40219.1
Project("{8BC9CEB8-8B4A-11D0-8D11-00A0C91BC942}") = "Attiny85CheckBattery", "Attiny85CheckBattery\Attiny85CheckBattery.vcxproj", "{C5F80730-F44F-4478-BDAE-6634EFC2CA88}"
EndProject
Project("{8BC9CEB8-8B4A-11D0-8D11-00A0C91BC942}") = "ATMega328ReceiveAndWriteSDData", "ATMega328ReceiveAndWriteSDData\ATMega328ReceiveAndWriteSDData.vcxproj", "{477DB96A-5914-44A9-947A-DD3F20A9617F}"
EndProject
Project("{2150E333-8FDC-42A3-9474-1A3956D46DE8}") = "documents", "documents", "{02F040A5-E54A-42F0-8D80-BAC0347CC3DE}"
	ProjectSection(SolutionItems) = preProject
		Documents(README-IMPORTANT-BEFORE-SETTINGS)\BattLevel(README-IMPORTANT).txt = Documents(README-IMPORTANT-BEFORE-SETTINGS)\BattLevel(README-IMPORTANT).txt
		percentageFormula.txt = percentageFormula.txt
		Documents(README-IMPORTANT-BEFORE-SETTINGS)\percetageFormula.xopp = Documents(README-IMPORTANT-BEFORE-SETTINGS)\percetageFormula.xopp
		Documents(README-IMPORTANT-BEFORE-SETTINGS)\schemaBatteria.png = Documents(README-IMPORTANT-BEFORE-SETTINGS)\schemaBatteria.png
	EndProjectSection
EndProject
Project("{2150E333-8FDC-42A3-9474-1A3956D46DE8}") = "3dPrinting", "3dPrinting", "{62A83716-35BC-4EA2-80CF-B6682E4D5E16}"
	ProjectSection(SolutionItems) = preProject
		3dPrinting\Enclousure.f3d = 3dPrinting\Enclousure.f3d
	EndProjectSection
EndProject
Project("{2150E333-8FDC-42A3-9474-1A3956D46DE8}") = "circuits", "circuits", "{D127059B-A8D9-450D-BB42-C4C6F3F0556A}"
	ProjectSection(SolutionItems) = preProject
		Circuit\Eagle\new_era_for_AI\12VConnector_new.brd = Circuit\Eagle\new_era_for_AI\12VConnector_new.brd
		Circuit\Eagle\new_era_for_AI\check_battery-board.brd = Circuit\Eagle\new_era_for_AI\check_battery-board.brd
		Circuit\Eagle\new_era_for_AI\check_battery-programmer.brd = Circuit\Eagle\new_era_for_AI\check_battery-programmer.brd
		Circuit\Eagle\new_era_for_AI\check_battery.brd = Circuit\Eagle\new_era_for_AI\check_battery.brd
		Circuit\Eagle\new_era_for_AI\NanoDemultiplexerAndSDcardNew2.brd = Circuit\Eagle\new_era_for_AI\NanoDemultiplexerAndSDcardNew2.brd
		Circuit\Eagle\new_era_for_AI\NanoDemultiplexerAndSDcardNew3.brd = Circuit\Eagle\new_era_for_AI\NanoDemultiplexerAndSDcardNew3.brd
	EndProjectSection
EndProject
Global
	GlobalSection(SolutionConfigurationPlatforms) = preSolution
		Debug|x64 = Debug|x64
		Debug|x86 = Debug|x86
		Release|x64 = Release|x64
		Release|x86 = Release|x86
	EndGlobalSection
	GlobalSection(ProjectConfigurationPlatforms) = postSolution
		{C5F80730-F44F-4478-BDAE-6634EFC2CA88}.Debug|x64.ActiveCfg = Debug|x64
		{C5F80730-F44F-4478-BDAE-6634EFC2CA88}.Debug|x64.Build.0 = Debug|x64
		{C5F80730-F44F-4478-BDAE-6634EFC2CA88}.Debug|x86.ActiveCfg = Debug|Win32
		{C5F80730-F44F-4478-BDAE-6634EFC2CA88}.Debug|x86.Build.0 = Debug|Win32
		{C5F80730-F44F-4478-BDAE-6634EFC2CA88}.Release|x64.ActiveCfg = Release|x64
		{C5F80730-F44F-4478-BDAE-6634EFC2CA88}.Release|x64.Build.0 = Release|x64
		{C5F80730-F44F-4478-BDAE-6634EFC2CA88}.Release|x86.ActiveCfg = Release|Win32
		{C5F80730-F44F-4478-BDAE-6634EFC2CA88}.Release|x86.Build.0 = Release|Win32
		{477DB96A-5914-44A9-947A-DD3F20A9617F}.Debug|x64.ActiveCfg = Debug|x64
		{477DB96A-5914-44A9-947A-DD3F20A9617F}.Debug|x64.Build.0 = Debug|x64
		{477DB96A-5914-44A9-947A-DD3F20A9617F}.Debug|x86.ActiveCfg = Debug|Win32
		{477DB96A-5914-44A9-947A-DD3F20A9617F}.Debug|x86.Build.0 = Debug|Win32
		{477DB96A-5914-44A9-947A-DD3F20A9617F}.Release|x64.ActiveCfg = Release|x64
		{477DB96A-5914-44A9-947A-DD3F20A9617F}.Release|x64.Build.0 = Release|x64
		{477DB96A-5914-44A9-947A-DD3F20A9617F}.Release|x86.ActiveCfg = Release|Win32
		{477DB96A-5914-44A9-947A-DD3F20A9617F}.Release|x86.Build.0 = Release|Win32
	EndGlobalSection
	GlobalSection(SolutionProperties) = preSolution
		HideSolutionNode = FALSE
	EndGlobalSection
	GlobalSection(ExtensibilityGlobals) = postSolution
		SolutionGuid = {4A280BD8-C7C2-42E9-9D66-97BAB01FDBB3}
	EndGlobalSection
EndGlobal
