<?xml version="1.0" encoding="utf-8"?>
<Project ToolsVersion="4.0" xmlns="http://schemas.microsoft.com/developer/msbuild/2003">
  <ItemGroup>
    <Filter Include="Source Files">
      <UniqueIdentifier>{4FC737F1-C7A5-4376-A066-2A32D752A2FF}</UniqueIdentifier>
      <Extensions>cpp;c;cc;cxx;def;odl;idl;hpj;bat;asm;asmx</Extensions>
    </Filter>
    <Filter Include="Header Files">
      <UniqueIdentifier>{93995380-89BD-4b04-88EB-625FBE52EBFB}</UniqueIdentifier>
      <Extensions>h;hh;hpp;hxx;hm;inl;inc;xsd</Extensions>
    </Filter>
    <Filter Include="Resource Files">
      <UniqueIdentifier>{67DA6AB6-F800-4c08-8B7A-83BB121AAD01}</UniqueIdentifier>
      <Extensions>rc;ico;cur;bmp;dlg;rc2;rct;bin;rgs;gif;jpg;jpeg;jpe;resx;tiff;tif;png;wav;mfcribbon-ms</Extensions>
    </Filter>
    <Filter Include="localLibraries">
      <UniqueIdentifier>{c8eb8aed-168f-461e-8b69-194d990929d2}</UniqueIdentifier>
    </Filter>
    <Filter Include="audio">
      <UniqueIdentifier>{1ac45dc4-7215-4be0-8abe-de531552b14c}</UniqueIdentifier>
    </Filter>
    <Filter Include="documents">
      <UniqueIdentifier>{3872299b-e362-4be9-ba51-968663bc3a91}</UniqueIdentifier>
    </Filter>
  </ItemGroup>
  <ItemGroup>
    <ClInclude Include="__vm\.ATMega328ReceiveAndWriteSDData.vsarduino.h">
      <Filter>Header Files</Filter>
    </ClInclude>
    <ClInclude Include="SoftwareSerial.h">
      <Filter>localLibraries</Filter>
    </ClInclude>
  </ItemGroup>
  <ItemGroup>
    <ClCompile Include="ATMega328ReceiveAndWriteSDData.ino" />
    <ClCompile Include="SoftwareSerial.cpp">
      <Filter>localLibraries</Filter>
    </ClCompile>
  </ItemGroup>
  <ItemGroup>
    <Media Include="mp3\0010_scheda_mem_piena.mp3">
      <Filter>audio</Filter>
    </Media>
    <Media Include="mp3\0009_aquisizioneDati.mp3">
      <Filter>audio</Filter>
    </Media>
    <Media Include="mp3\0008_sistema_instabile.mp3">
      <Filter>audio</Filter>
    </Media>
    <Media Include="mp3\0001_dislivello.mp3">
      <Filter>audio</Filter>
    </Media>
    <Media Include="mp3\0002_problemaInTraccia.mp3">
      <Filter>audio</Filter>
    </Media>
    <Media Include="mp3\0003_problemaNumero.mp3">
      <Filter>audio</Filter>
    </Media>
    <Media Include="mp3\0004_schedaMemoria.mp3">
      <Filter>audio</Filter>
    </Media>
    <Media Include="mp3\0005_datiSufficienti.mp3">
      <Filter>audio</Filter>
    </Media>
    <Media Include="mp3\0006_sistemaInizializzato.mp3">
      <Filter>audio</Filter>
    </Media>
    <Media Include="mp3\0007_idMessageWrong.mp3">
      <Filter>audio</Filter>
    </Media>
    <Media Include="mp3\0013_files_eliminati.mp3">
      <Filter>audio</Filter>
    </Media>
    <Media Include="mp3\0012_eliminazione_dsati_10_sec.mp3">
      <Filter>audio</Filter>
    </Media>
    <Media Include="mp3\0011_eliminazione_dati_30_sec.mp3">
      <Filter>audio</Filter>
    </Media>
  </ItemGroup>
</Project>